
Microsoft Visual Studio Solution File, Format Version 12.00
# Visual Studio Version 17
VisualStudioVersion = 17.0.32014.148
MinimumVisualStudioVersion = 10.0.40219.1
Project("{F2A71F9B-5D33-465A-A702-920D77279786}") = "FSharp.FIO", "src\FSharp.FIO\FSharp.FIO.fsproj", "{0B1D12CA-CD2E-4BEB-84F3-6549878A7DC8}"
EndProject
Project("{F2A71F9B-5D33-465A-A702-920D77279786}") = "FSharp.FIO.Lib", "src\FSharp.FIO.Lib\FSharp.FIO.Lib.fsproj", "{C9B34D89-0818-4A9E-B9CB-73F44AAC3CAE}"
EndProject
Project("{F2A71F9B-5D33-465A-A702-920D77279786}") = "FSharp.FIO.App", "src\FSharp.FIO.App\FSharp.FIO.App.fsproj", "{9B9EE2E5-E6C8-47A8-B610-8C7454B63969}"
EndProject
Project("{F2A71F9B-5D33-465A-A702-920D77279786}") = "FSharp.FIO.Examples", "examples\FSharp.FIO.Examples\FSharp.FIO.Examples.fsproj", "{543F6D16-0C1D-42ED-815F-255E3AAB713C}"
EndProject
Project("{F2A71F9B-5D33-465A-A702-920D77279786}") = "FSharp.FIO.Examples.App", "examples\FSharp.FIO.Examples.App\FSharp.FIO.Examples.App.fsproj", "{99438A99-5068-4642-BAD6-6D8C8DD16412}"
EndProject
Project("{F2A71F9B-5D33-465A-A702-920D77279786}") = "FSharp.FIO.Benchmarks", "benchmarks\FSharp.FIO.Benchmarks\FSharp.FIO.Benchmarks.fsproj", "{FF020285-6B80-4420-93A3-5B62B65D3C22}"
EndProject
Project("{F2A71F9B-5D33-465A-A702-920D77279786}") = "FSharp.FIO.Benchmarks.Plots", "benchmarks\FSharp.FIO.Benchmarks.Plots\FSharp.FIO.Benchmarks.Plots.fsproj", "{D78AF381-23DA-4394-867D-ACD4EE705B03}"
EndProject
Project("{F2A71F9B-5D33-465A-A702-920D77279786}") = "FSharp.FIO.Tests", "tests\FSharp.FIO.Tests\FSharp.FIO.Tests.fsproj", "{C268093D-D055-4DDF-BD0D-B9499E92CED1}"
EndProject
Global
	GlobalSection(SolutionConfigurationPlatforms) = preSolution
		Debug|Any CPU = Debug|Any CPU
		Debug|x64 = Debug|x64
		Debug|x86 = Debug|x86
		Release|Any CPU = Release|Any CPU
		Release|x64 = Release|x64
		Release|x86 = Release|x86
	EndGlobalSection
	GlobalSection(ProjectConfigurationPlatforms) = postSolution
		{0B1D12CA-CD2E-4BEB-84F3-6549878A7DC8}.Debug|Any CPU.ActiveCfg = Debug|Any CPU
		{0B1D12CA-CD2E-4BEB-84F3-6549878A7DC8}.Debug|Any CPU.Build.0 = Debug|Any CPU
		{0B1D12CA-CD2E-4BEB-84F3-6549878A7DC8}.Debug|x64.ActiveCfg = Debug|Any CPU
		{0B1D12CA-CD2E-4BEB-84F3-6549878A7DC8}.Debug|x64.Build.0 = Debug|Any CPU
		{0B1D12CA-CD2E-4BEB-84F3-6549878A7DC8}.Debug|x86.ActiveCfg = Debug|Any CPU
		{0B1D12CA-CD2E-4BEB-84F3-6549878A7DC8}.Debug|x86.Build.0 = Debug|Any CPU
		{0B1D12CA-CD2E-4BEB-84F3-6549878A7DC8}.Release|Any CPU.ActiveCfg = Release|Any CPU
		{0B1D12CA-CD2E-4BEB-84F3-6549878A7DC8}.Release|Any CPU.Build.0 = Release|Any CPU
		{0B1D12CA-CD2E-4BEB-84F3-6549878A7DC8}.Release|x64.ActiveCfg = Release|Any CPU
		{0B1D12CA-CD2E-4BEB-84F3-6549878A7DC8}.Release|x64.Build.0 = Release|Any CPU
		{0B1D12CA-CD2E-4BEB-84F3-6549878A7DC8}.Release|x86.ActiveCfg = Release|Any CPU
		{0B1D12CA-CD2E-4BEB-84F3-6549878A7DC8}.Release|x86.Build.0 = Release|Any CPU
		{C9B34D89-0818-4A9E-B9CB-73F44AAC3CAE}.Debug|Any CPU.ActiveCfg = Debug|Any CPU
		{C9B34D89-0818-4A9E-B9CB-73F44AAC3CAE}.Debug|Any CPU.Build.0 = Debug|Any CPU
		{C9B34D89-0818-4A9E-B9CB-73F44AAC3CAE}.Debug|x64.ActiveCfg = Debug|Any CPU
		{C9B34D89-0818-4A9E-B9CB-73F44AAC3CAE}.Debug|x64.Build.0 = Debug|Any CPU
		{C9B34D89-0818-4A9E-B9CB-73F44AAC3CAE}.Debug|x86.ActiveCfg = Debug|Any CPU
		{C9B34D89-0818-4A9E-B9CB-73F44AAC3CAE}.Debug|x86.Build.0 = Debug|Any CPU
		{C9B34D89-0818-4A9E-B9CB-73F44AAC3CAE}.Release|Any CPU.ActiveCfg = Release|Any CPU
		{C9B34D89-0818-4A9E-B9CB-73F44AAC3CAE}.Release|Any CPU.Build.0 = Release|Any CPU
		{C9B34D89-0818-4A9E-B9CB-73F44AAC3CAE}.Release|x64.ActiveCfg = Release|Any CPU
		{C9B34D89-0818-4A9E-B9CB-73F44AAC3CAE}.Release|x64.Build.0 = Release|Any CPU
		{C9B34D89-0818-4A9E-B9CB-73F44AAC3CAE}.Release|x86.ActiveCfg = Release|Any CPU
		{C9B34D89-0818-4A9E-B9CB-73F44AAC3CAE}.Release|x86.Build.0 = Release|Any CPU
		{543F6D16-0C1D-42ED-815F-255E3AAB713C}.Debug|Any CPU.ActiveCfg = Debug|Any CPU
		{543F6D16-0C1D-42ED-815F-255E3AAB713C}.Debug|Any CPU.Build.0 = Debug|Any CPU
		{543F6D16-0C1D-42ED-815F-255E3AAB713C}.Debug|x64.ActiveCfg = Debug|Any CPU
		{543F6D16-0C1D-42ED-815F-255E3AAB713C}.Debug|x64.Build.0 = Debug|Any CPU
		{543F6D16-0C1D-42ED-815F-255E3AAB713C}.Debug|x86.ActiveCfg = Debug|Any CPU
		{543F6D16-0C1D-42ED-815F-255E3AAB713C}.Debug|x86.Build.0 = Debug|Any CPU
		{543F6D16-0C1D-42ED-815F-255E3AAB713C}.Release|Any CPU.ActiveCfg = Release|Any CPU
		{543F6D16-0C1D-42ED-815F-255E3AAB713C}.Release|Any CPU.Build.0 = Release|Any CPU
		{543F6D16-0C1D-42ED-815F-255E3AAB713C}.Release|x64.ActiveCfg = Release|Any CPU
		{543F6D16-0C1D-42ED-815F-255E3AAB713C}.Release|x64.Build.0 = Release|Any CPU
		{543F6D16-0C1D-42ED-815F-255E3AAB713C}.Release|x86.ActiveCfg = Release|Any CPU
		{543F6D16-0C1D-42ED-815F-255E3AAB713C}.Release|x86.Build.0 = Release|Any CPU
		{99438A99-5068-4642-BAD6-6D8C8DD16412}.Debug|Any CPU.ActiveCfg = Debug|Any CPU
		{99438A99-5068-4642-BAD6-6D8C8DD16412}.Debug|Any CPU.Build.0 = Debug|Any CPU
		{99438A99-5068-4642-BAD6-6D8C8DD16412}.Debug|x64.ActiveCfg = Debug|Any CPU
		{99438A99-5068-4642-BAD6-6D8C8DD16412}.Debug|x64.Build.0 = Debug|Any CPU
		{99438A99-5068-4642-BAD6-6D8C8DD16412}.Debug|x86.ActiveCfg = Debug|Any CPU
		{99438A99-5068-4642-BAD6-6D8C8DD16412}.Debug|x86.Build.0 = Debug|Any CPU
		{99438A99-5068-4642-BAD6-6D8C8DD16412}.Release|Any CPU.ActiveCfg = Release|Any CPU
		{99438A99-5068-4642-BAD6-6D8C8DD16412}.Release|Any CPU.Build.0 = Release|Any CPU
		{99438A99-5068-4642-BAD6-6D8C8DD16412}.Release|x64.ActiveCfg = Release|Any CPU
		{99438A99-5068-4642-BAD6-6D8C8DD16412}.Release|x64.Build.0 = Release|Any CPU
		{99438A99-5068-4642-BAD6-6D8C8DD16412}.Release|x86.ActiveCfg = Release|Any CPU
		{99438A99-5068-4642-BAD6-6D8C8DD16412}.Release|x86.Build.0 = Release|Any CPU
		{FF020285-6B80-4420-93A3-5B62B65D3C22}.Debug|Any CPU.ActiveCfg = Debug|Any CPU
		{FF020285-6B80-4420-93A3-5B62B65D3C22}.Debug|Any CPU.Build.0 = Debug|Any CPU
		{FF020285-6B80-4420-93A3-5B62B65D3C22}.Debug|x64.ActiveCfg = Debug|Any CPU
		{FF020285-6B80-4420-93A3-5B62B65D3C22}.Debug|x64.Build.0 = Debug|Any CPU
		{FF020285-6B80-4420-93A3-5B62B65D3C22}.Debug|x86.ActiveCfg = Debug|Any CPU
		{FF020285-6B80-4420-93A3-5B62B65D3C22}.Debug|x86.Build.0 = Debug|Any CPU
		{FF020285-6B80-4420-93A3-5B62B65D3C22}.Release|Any CPU.ActiveCfg = Release|Any CPU
		{FF020285-6B80-4420-93A3-5B62B65D3C22}.Release|Any CPU.Build.0 = Release|Any CPU
		{FF020285-6B80-4420-93A3-5B62B65D3C22}.Release|x64.ActiveCfg = Release|Any CPU
		{FF020285-6B80-4420-93A3-5B62B65D3C22}.Release|x64.Build.0 = Release|Any CPU
		{FF020285-6B80-4420-93A3-5B62B65D3C22}.Release|x86.ActiveCfg = Release|Any CPU
		{FF020285-6B80-4420-93A3-5B62B65D3C22}.Release|x86.Build.0 = Release|Any CPU
		{D78AF381-23DA-4394-867D-ACD4EE705B03}.Debug|Any CPU.ActiveCfg = Debug|Any CPU
		{D78AF381-23DA-4394-867D-ACD4EE705B03}.Debug|Any CPU.Build.0 = Debug|Any CPU
		{D78AF381-23DA-4394-867D-ACD4EE705B03}.Debug|x64.ActiveCfg = Debug|Any CPU
		{D78AF381-23DA-4394-867D-ACD4EE705B03}.Debug|x64.Build.0 = Debug|Any CPU
		{D78AF381-23DA-4394-867D-ACD4EE705B03}.Debug|x86.ActiveCfg = Debug|Any CPU
		{D78AF381-23DA-4394-867D-ACD4EE705B03}.Debug|x86.Build.0 = Debug|Any CPU
		{D78AF381-23DA-4394-867D-ACD4EE705B03}.Release|Any CPU.ActiveCfg = Release|Any CPU
		{D78AF381-23DA-4394-867D-ACD4EE705B03}.Release|Any CPU.Build.0 = Release|Any CPU
		{D78AF381-23DA-4394-867D-ACD4EE705B03}.Release|x64.ActiveCfg = Release|Any CPU
		{D78AF381-23DA-4394-867D-ACD4EE705B03}.Release|x64.Build.0 = Release|Any CPU
		{D78AF381-23DA-4394-867D-ACD4EE705B03}.Release|x86.ActiveCfg = Release|Any CPU
		{D78AF381-23DA-4394-867D-ACD4EE705B03}.Release|x86.Build.0 = Release|Any CPU
		{C268093D-D055-4DDF-BD0D-B9499E92CED1}.Debug|Any CPU.ActiveCfg = Debug|Any CPU
		{C268093D-D055-4DDF-BD0D-B9499E92CED1}.Debug|Any CPU.Build.0 = Debug|Any CPU
		{C268093D-D055-4DDF-BD0D-B9499E92CED1}.Debug|x64.ActiveCfg = Debug|Any CPU
		{C268093D-D055-4DDF-BD0D-B9499E92CED1}.Debug|x64.Build.0 = Debug|Any CPU
		{C268093D-D055-4DDF-BD0D-B9499E92CED1}.Debug|x86.ActiveCfg = Debug|Any CPU
		{C268093D-D055-4DDF-BD0D-B9499E92CED1}.Debug|x86.Build.0 = Debug|Any CPU
		{C268093D-D055-4DDF-BD0D-B9499E92CED1}.Release|Any CPU.ActiveCfg = Release|Any CPU
		{C268093D-D055-4DDF-BD0D-B9499E92CED1}.Release|Any CPU.Build.0 = Release|Any CPU
		{C268093D-D055-4DDF-BD0D-B9499E92CED1}.Release|x64.ActiveCfg = Release|Any CPU
		{C268093D-D055-4DDF-BD0D-B9499E92CED1}.Release|x64.Build.0 = Release|Any CPU
		{C268093D-D055-4DDF-BD0D-B9499E92CED1}.Release|x86.ActiveCfg = Release|Any CPU
		{C268093D-D055-4DDF-BD0D-B9499E92CED1}.Release|x86.Build.0 = Release|Any CPU
		{9B9EE2E5-E6C8-47A8-B610-8C7454B63969}.Debug|Any CPU.ActiveCfg = Debug|Any CPU
		{9B9EE2E5-E6C8-47A8-B610-8C7454B63969}.Debug|Any CPU.Build.0 = Debug|Any CPU
		{9B9EE2E5-E6C8-47A8-B610-8C7454B63969}.Debug|x64.ActiveCfg = Debug|Any CPU
		{9B9EE2E5-E6C8-47A8-B610-8C7454B63969}.Debug|x64.Build.0 = Debug|Any CPU
		{9B9EE2E5-E6C8-47A8-B610-8C7454B63969}.Debug|x86.ActiveCfg = Debug|Any CPU
		{9B9EE2E5-E6C8-47A8-B610-8C7454B63969}.Debug|x86.Build.0 = Debug|Any CPU
		{9B9EE2E5-E6C8-47A8-B610-8C7454B63969}.Release|Any CPU.ActiveCfg = Release|Any CPU
		{9B9EE2E5-E6C8-47A8-B610-8C7454B63969}.Release|Any CPU.Build.0 = Release|Any CPU
		{9B9EE2E5-E6C8-47A8-B610-8C7454B63969}.Release|x64.ActiveCfg = Release|Any CPU
		{9B9EE2E5-E6C8-47A8-B610-8C7454B63969}.Release|x64.Build.0 = Release|Any CPU
		{9B9EE2E5-E6C8-47A8-B610-8C7454B63969}.Release|x86.ActiveCfg = Release|Any CPU
		{9B9EE2E5-E6C8-47A8-B610-8C7454B63969}.Release|x86.Build.0 = Release|Any CPU
	EndGlobalSection
	GlobalSection(SolutionProperties) = preSolution
		HideSolutionNode = FALSE
	EndGlobalSection
	GlobalSection(ExtensibilityGlobals) = postSolution
		SolutionGuid = {D1DF5FC1-3415-4228-82A5-7840BAB29B7B}
	EndGlobalSection
EndGlobal
